
Microsoft Visual Studio Solution File, Format Version 12.00
# Visual Studio Version 16
VisualStudioVersion = 16.0.30804.86
MinimumVisualStudioVersion = 10.0.40219.1
Project("{9A19103F-16F7-4668-BE54-9A1E7A4F7556}") = "TestTaskAB", "TestTaskAB\TestTaskAB.csproj", "{74FEB638-EC75-4A67-9959-19DB75EA6CB6}"
	ProjectSection(ProjectDependencies) = postProject
		{BA0661C1-5E7B-496D-93D7-3D8505AEAC27} = {BA0661C1-5E7B-496D-93D7-3D8505AEAC27}
	EndProjectSection
EndProject
Project("{9A19103F-16F7-4668-BE54-9A1E7A4F7556}") = "DataAccess", "DataAccess\DataAccess.csproj", "{BA0661C1-5E7B-496D-93D7-3D8505AEAC27}"
EndProject
Project("{9A19103F-16F7-4668-BE54-9A1E7A4F7556}") = "Service", "Service\Service.csproj", "{A99A676B-EA8A-4629-A04C-874B21B6CBCE}"
EndProject
Global
	GlobalSection(SolutionConfigurationPlatforms) = preSolution
		Debug|Any CPU = Debug|Any CPU
		Release|Any CPU = Release|Any CPU
	EndGlobalSection
	GlobalSection(ProjectConfigurationPlatforms) = postSolution
		{74FEB638-EC75-4A67-9959-19DB75EA6CB6}.Debug|Any CPU.ActiveCfg = Debug|Any CPU
		{74FEB638-EC75-4A67-9959-19DB75EA6CB6}.Debug|Any CPU.Build.0 = Debug|Any CPU
		{74FEB638-EC75-4A67-9959-19DB75EA6CB6}.Release|Any CPU.ActiveCfg = Release|Any CPU
		{74FEB638-EC75-4A67-9959-19DB75EA6CB6}.Release|Any CPU.Build.0 = Release|Any CPU
		{BA0661C1-5E7B-496D-93D7-3D8505AEAC27}.Debug|Any CPU.ActiveCfg = Debug|Any CPU
		{BA0661C1-5E7B-496D-93D7-3D8505AEAC27}.Debug|Any CPU.Build.0 = Debug|Any CPU
		{BA0661C1-5E7B-496D-93D7-3D8505AEAC27}.Release|Any CPU.ActiveCfg = Release|Any CPU
		{BA0661C1-5E7B-496D-93D7-3D8505AEAC27}.Release|Any CPU.Build.0 = Release|Any CPU
		{A99A676B-EA8A-4629-A04C-874B21B6CBCE}.Debug|Any CPU.ActiveCfg = Debug|Any CPU
		{A99A676B-EA8A-4629-A04C-874B21B6CBCE}.Debug|Any CPU.Build.0 = Debug|Any CPU
		{A99A676B-EA8A-4629-A04C-874B21B6CBCE}.Release|Any CPU.ActiveCfg = Release|Any CPU
		{A99A676B-EA8A-4629-A04C-874B21B6CBCE}.Release|Any CPU.Build.0 = Release|Any CPU
	EndGlobalSection
	GlobalSection(SolutionProperties) = preSolution
		HideSolutionNode = FALSE
	EndGlobalSection
	GlobalSection(ExtensibilityGlobals) = postSolution
		SolutionGuid = {A581A220-43C2-4939-8384-F397069D8D81}
	EndGlobalSection
EndGlobal
